
Microsoft Visual Studio Solution File, Format Version 12.00
# Visual Studio Version 17
VisualStudioVersion = 17.9.34728.123
MinimumVisualStudioVersion = 10.0.40219.1
Project("{FAE04EC0-301F-11D3-BF4B-00C04F79EFBC}") = "DinamicAPI", "DinamicAPI\DinamicAPI.csproj", "{3E84EACB-C28C-445F-9E48-BCB12CF4B540}"
EndProject
Global
	GlobalSection(SolutionConfigurationPlatforms) = preSolution
		Debug|Any CPU = Debug|Any CPU
		Release|Any CPU = Release|Any CPU
	EndGlobalSection
	GlobalSection(ProjectConfigurationPlatforms) = postSolution
		{3E84EACB-C28C-445F-9E48-BCB12CF4B540}.Debug|Any CPU.ActiveCfg = Debug|Any CPU
		{3E84EACB-C28C-445F-9E48-BCB12CF4B540}.Debug|Any CPU.Build.0 = Debug|Any CPU
		{3E84EACB-C28C-445F-9E48-BCB12CF4B540}.Release|Any CPU.ActiveCfg = Release|Any CPU
		{3E84EACB-C28C-445F-9E48-BCB12CF4B540}.Release|Any CPU.Build.0 = Release|Any CPU
	EndGlobalSection
	GlobalSection(SolutionProperties) = preSolution
		HideSolutionNode = FALSE
	EndGlobalSection
	GlobalSection(ExtensibilityGlobals) = postSolution
		SolutionGuid = {F3704A8D-05DE-49C1-A5B1-B04D2781C645}
	EndGlobalSection
EndGlobal
